
Microsoft Visual Studio Solution File, Format Version 12.00
# Visual Studio Version 17
VisualStudioVersion = 17.6.33815.320
MinimumVisualStudioVersion = 10.0.40219.1
Project("{FAE04EC0-301F-11D3-BF4B-00C04F79EFBC}") = "Delegates", "Delegates\Delegates.csproj", "{B67173C1-0C55-4FEC-917D-3E996D86AD30}"
EndProject
Project("{FAE04EC0-301F-11D3-BF4B-00C04F79EFBC}") = "DemoLibrary", "DemoLibrary\DemoLibrary.csproj", "{A34772DE-C1B2-4EF5-BC83-CFC353DF5474}"
EndProject
Global
	GlobalSection(SolutionConfigurationPlatforms) = preSolution
		Debug|Any CPU = Debug|Any CPU
		Release|Any CPU = Release|Any CPU
	EndGlobalSection
	GlobalSection(ProjectConfigurationPlatforms) = postSolution
		{B67173C1-0C55-4FEC-917D-3E996D86AD30}.Debug|Any CPU.ActiveCfg = Debug|Any CPU
		{B67173C1-0C55-4FEC-917D-3E996D86AD30}.Debug|Any CPU.Build.0 = Debug|Any CPU
		{B67173C1-0C55-4FEC-917D-3E996D86AD30}.Release|Any CPU.ActiveCfg = Release|Any CPU
		{B67173C1-0C55-4FEC-917D-3E996D86AD30}.Release|Any CPU.Build.0 = Release|Any CPU
		{A34772DE-C1B2-4EF5-BC83-CFC353DF5474}.Debug|Any CPU.ActiveCfg = Debug|Any CPU
		{A34772DE-C1B2-4EF5-BC83-CFC353DF5474}.Debug|Any CPU.Build.0 = Debug|Any CPU
		{A34772DE-C1B2-4EF5-BC83-CFC353DF5474}.Release|Any CPU.ActiveCfg = Release|Any CPU
		{A34772DE-C1B2-4EF5-BC83-CFC353DF5474}.Release|Any CPU.Build.0 = Release|Any CPU
	EndGlobalSection
	GlobalSection(SolutionProperties) = preSolution
		HideSolutionNode = FALSE
	EndGlobalSection
	GlobalSection(ExtensibilityGlobals) = postSolution
		SolutionGuid = {88C560D0-685C-49CB-BE23-7B5E4F0B840B}
	EndGlobalSection
EndGlobal
