
Microsoft Visual Studio Solution File, Format Version 12.00
# Visual Studio Version 17
VisualStudioVersion = 17.6.33815.320
MinimumVisualStudioVersion = 10.0.40219.1
Project("{9A19103F-16F7-4668-BE54-9A1E7A4F7556}") = "Delegates", "Delegates\Delegates.csproj", "{B67173C1-0C55-4FEC-917D-3E996D86AD30}"
EndProject
Project("{9A19103F-16F7-4668-BE54-9A1E7A4F7556}") = "DemoLibrary", "DemoLibrary\DemoLibrary.csproj", "{A34772DE-C1B2-4EF5-BC83-CFC353DF5474}"
EndProject
Project("{9A19103F-16F7-4668-BE54-9A1E7A4F7556}") = "WorkerService", "DemoWorkerService\WorkerService.csproj", "{28DB036E-40FD-4628-8EB0-4789124A28A7}"
EndProject
Project("{9A19103F-16F7-4668-BE54-9A1E7A4F7556}") = "Generics", "DemoGenerics\Generics.csproj", "{F4B8BA66-DF73-490B-9659-33E4DBBF2B23}"
EndProject
Project("{9A19103F-16F7-4668-BE54-9A1E7A4F7556}") = "ExceptionHandling", "DemoExceptionHandling\ExceptionHandling.csproj", "{6F6EC77B-2376-4906-8C60-A0BEF413A248}"
EndProject
Project("{9A19103F-16F7-4668-BE54-9A1E7A4F7556}") = "FactoryPattern", "FactoryPattern\FactoryPattern.csproj", "{BE1AE48A-FFB7-42E2-8398-2B511D054AE0}"
EndProject
Project("{9A19103F-16F7-4668-BE54-9A1E7A4F7556}") = "CustomMiddleware", "CustomMiddleware\CustomMiddleware.csproj", "{982A2C8D-FB2E-45EF-BF47-6CEFFC098B6F}"
EndProject
Project("{9A19103F-16F7-4668-BE54-9A1E7A4F7556}") = "Demo.WebApi", "Demo.WebApi\Demo.WebApi.csproj", "{D0A771C5-D8A9-4F1A-8310-83801A8306EF}"
EndProject
Project("{2150E333-8FDC-42A3-9474-1A3956D46DE8}") = "Submodules", "Submodules", "{BA148957-EE29-483B-AD93-97DF1C01A9FD}"
	ProjectSection(SolutionItems) = preProject
		GitSubmoduleCommands.md = GitSubmoduleCommands.md
	EndProjectSection
EndProject
Global
	GlobalSection(SolutionConfigurationPlatforms) = preSolution
		Debug|Any CPU = Debug|Any CPU
		Release|Any CPU = Release|Any CPU
	EndGlobalSection
	GlobalSection(ProjectConfigurationPlatforms) = postSolution
		{B67173C1-0C55-4FEC-917D-3E996D86AD30}.Debug|Any CPU.ActiveCfg = Debug|Any CPU
		{B67173C1-0C55-4FEC-917D-3E996D86AD30}.Debug|Any CPU.Build.0 = Debug|Any CPU
		{B67173C1-0C55-4FEC-917D-3E996D86AD30}.Release|Any CPU.ActiveCfg = Release|Any CPU
		{B67173C1-0C55-4FEC-917D-3E996D86AD30}.Release|Any CPU.Build.0 = Release|Any CPU
		{A34772DE-C1B2-4EF5-BC83-CFC353DF5474}.Debug|Any CPU.ActiveCfg = Debug|Any CPU
		{A34772DE-C1B2-4EF5-BC83-CFC353DF5474}.Debug|Any CPU.Build.0 = Debug|Any CPU
		{A34772DE-C1B2-4EF5-BC83-CFC353DF5474}.Release|Any CPU.ActiveCfg = Release|Any CPU
		{A34772DE-C1B2-4EF5-BC83-CFC353DF5474}.Release|Any CPU.Build.0 = Release|Any CPU
		{28DB036E-40FD-4628-8EB0-4789124A28A7}.Debug|Any CPU.ActiveCfg = Debug|Any CPU
		{28DB036E-40FD-4628-8EB0-4789124A28A7}.Debug|Any CPU.Build.0 = Debug|Any CPU
		{28DB036E-40FD-4628-8EB0-4789124A28A7}.Release|Any CPU.ActiveCfg = Release|Any CPU
		{28DB036E-40FD-4628-8EB0-4789124A28A7}.Release|Any CPU.Build.0 = Release|Any CPU
		{F4B8BA66-DF73-490B-9659-33E4DBBF2B23}.Debug|Any CPU.ActiveCfg = Debug|Any CPU
		{F4B8BA66-DF73-490B-9659-33E4DBBF2B23}.Debug|Any CPU.Build.0 = Debug|Any CPU
		{F4B8BA66-DF73-490B-9659-33E4DBBF2B23}.Release|Any CPU.ActiveCfg = Release|Any CPU
		{F4B8BA66-DF73-490B-9659-33E4DBBF2B23}.Release|Any CPU.Build.0 = Release|Any CPU
		{6F6EC77B-2376-4906-8C60-A0BEF413A248}.Debug|Any CPU.ActiveCfg = Debug|Any CPU
		{6F6EC77B-2376-4906-8C60-A0BEF413A248}.Debug|Any CPU.Build.0 = Debug|Any CPU
		{6F6EC77B-2376-4906-8C60-A0BEF413A248}.Release|Any CPU.ActiveCfg = Release|Any CPU
		{6F6EC77B-2376-4906-8C60-A0BEF413A248}.Release|Any CPU.Build.0 = Release|Any CPU
		{BE1AE48A-FFB7-42E2-8398-2B511D054AE0}.Debug|Any CPU.ActiveCfg = Debug|Any CPU
		{BE1AE48A-FFB7-42E2-8398-2B511D054AE0}.Debug|Any CPU.Build.0 = Debug|Any CPU
		{BE1AE48A-FFB7-42E2-8398-2B511D054AE0}.Release|Any CPU.ActiveCfg = Release|Any CPU
		{BE1AE48A-FFB7-42E2-8398-2B511D054AE0}.Release|Any CPU.Build.0 = Release|Any CPU
		{982A2C8D-FB2E-45EF-BF47-6CEFFC098B6F}.Debug|Any CPU.ActiveCfg = Debug|Any CPU
		{982A2C8D-FB2E-45EF-BF47-6CEFFC098B6F}.Debug|Any CPU.Build.0 = Debug|Any CPU
		{982A2C8D-FB2E-45EF-BF47-6CEFFC098B6F}.Release|Any CPU.ActiveCfg = Release|Any CPU
		{982A2C8D-FB2E-45EF-BF47-6CEFFC098B6F}.Release|Any CPU.Build.0 = Release|Any CPU
		{D0A771C5-D8A9-4F1A-8310-83801A8306EF}.Debug|Any CPU.ActiveCfg = Debug|Any CPU
		{D0A771C5-D8A9-4F1A-8310-83801A8306EF}.Debug|Any CPU.Build.0 = Debug|Any CPU
		{D0A771C5-D8A9-4F1A-8310-83801A8306EF}.Release|Any CPU.ActiveCfg = Release|Any CPU
		{D0A771C5-D8A9-4F1A-8310-83801A8306EF}.Release|Any CPU.Build.0 = Release|Any CPU
	EndGlobalSection
	GlobalSection(SolutionProperties) = preSolution
		HideSolutionNode = FALSE
	EndGlobalSection
	GlobalSection(ExtensibilityGlobals) = postSolution
		SolutionGuid = {88C560D0-685C-49CB-BE23-7B5E4F0B840B}
	EndGlobalSection
EndGlobal
